SITE
  remote: http://community.opscode.com/api/v1
  specs:
    aws (2.2.2)
    bluepill (2.3.1)
      rsyslog (>= 0.0.0)
    build-essential (2.0.2)
    database (2.2.0)
      aws (>= 0.0.0)
      mysql (>= 5.0.0)
      mysql-chef_gem (>= 0.0.0)
      postgresql (>= 1.0.0)
      xfs (>= 0.0.0)
    logrotate (1.5.0)
    mysql-chef_gem (0.0.2)
      build-essential (>= 0.0.0)
      mysql (>= 0.0.0)
    ohai (2.0.0)
    openssl (1.1.0)
    rsyslog (1.12.2)
    runit (1.5.10)
      build-essential (>= 0.0.0)
      yum (~> 3.0)
      yum-epel (>= 0.0.0)
    xfs (1.1.0)
    yum (3.2.0)
    yum-epel (0.3.6)
      yum (~> 3.0)

SITE
  remote: https://supermarket.getchef.com/api/v1
  specs:
    apt (2.5.2)
    chef_handler (1.1.6)
    dmg (2.2.0)
    git (4.0.2)
      build-essential (>= 0.0.0)
      dmg (>= 0.0.0)
      runit (>= 1.0.0)
      windows (>= 0.0.0)
      yum (~> 3.0)
      yum-epel (>= 0.0.0)
    mysql (5.3.6)
      yum-mysql-community (>= 0.0.0)
    nginx (2.7.4)
      apt (~> 2.2)
      bluepill (~> 2.3)
      build-essential (~> 2.0)
      ohai (~> 2.0)
      runit (~> 1.2)
      yum-epel (~> 0.3)
    postfix (3.4.0)
    postgresql (3.4.1)
      apt (>= 1.9.0)
      build-essential (>= 0.0.0)
      openssl (>= 0.0.0)
    rbenv (1.7.1)
      apt (>= 0.0.0)
      build-essential (>= 0.0.0)
      git (>= 0.0.0)
      ohai (>= 1.1)
    ruby_build (0.8.0)
    sudo (2.7.0)
    windows (1.34.2)
      chef_handler (>= 0.0.0)
    yum-mysql-community (0.1.10)
      yum (>= 3.0)

PATH
  remote: vendor/cookbooks/backups
  specs:
    backups (0.1.0)

PATH
  remote: vendor/cookbooks/packages
  specs:
    packages (0.1.0)

PATH
  remote: vendor/cookbooks/rails
  specs:
    rails (0.1.0)
      bluepill (>= 0.0.0)
      database (>= 0.0.0)
      logrotate (>= 0.0.0)
      nginx (>= 0.0.0)
      sudo (> 1.2.0)

PATH
  remote: vendor/cookbooks/ssh_deploy_keys
  specs:
    ssh_deploy_keys (0.1.0)

DEPENDENCIES
  apt (~> 2.5.2)
  backups (>= 0)
  mysql (~> 5.3.6)
  nginx (~> 2.7.4)
  packages (>= 0)
  postfix (~> 3.4.0)
  postgresql (~> 3.4.1)
  rails (>= 0)
  rbenv (~> 1.7.1)
  ruby_build (~> 0.8.0)
  ssh_deploy_keys (>= 0)
  sudo (~> 2.7.0)

